{
  "name": "strudel",
  "version": "1.0.0",
  "lockfileVersion": 3,
  "requires": true,
  "packages": {
    "": {
      "name": "strudel",
      "version": "1.0.0",
      "license": "ISC",
      "dependencies": {
        "@strudel/core": "^1.2.6"
      }
    },
    "node_modules/@kabelsalat/core": {
      "version": "0.4.0",
      "resolved": "https://registry.npmjs.org/@kabelsalat/core/-/core-0.4.0.tgz",
      "integrity": "sha512-5zV8nh8HffW8aexObXs5pE0xgL0jb1cHc3o8UN6AvK0mBt87fjZvW65E4rMslHyq+OuCscoBJW7B3MbYfWrwMQ==",
      "license": "AGPL-3.0-or-later"
    },
    "node_modules/@kabelsalat/lib": {
      "version": "0.4.1",
      "resolved": "https://registry.npmjs.org/@kabelsalat/lib/-/lib-0.4.1.tgz",
      "integrity": "sha512-gBCjrZKD9huTKNJuBC6BXM4PMQSg8otL8A/vp8j98P9v6yWTX1TuyaqdLg/1PrIAMV4hlWoav9ZD3YMFlrvouw==",
      "license": "AGPL-3.0-or-later",
      "dependencies": {
        "@kabelsalat/core": "0.4.0"
      }
    },
    "node_modules/@kabelsalat/web": {
      "version": "0.4.1",
      "resolved": "https://registry.npmjs.org/@kabelsalat/web/-/web-0.4.1.tgz",
      "integrity": "sha512-ASkFhePJLx3GjadYOueI7sHKXBbRPk/a1pfslFeQNI9gU7yZq/KrnkmOmLrgrtixAsy7gyi1vWqkmRRvH3Ki6w==",
      "license": "AGPL-3.0-or-later",
      "dependencies": {
        "@kabelsalat/core": "0.4.0",
        "@kabelsalat/lib": "0.4.1"
      }
    },
    "node_modules/@strudel/core": {
      "version": "1.2.6",
      "resolved": "https://registry.npmjs.org/@strudel/core/-/core-1.2.6.tgz",
      "integrity": "sha512-FA5Kxv3U+UhNRLIeuEpXck2o2J5AjHZbkAdSAK9Q2N3Az1G9Vnc+bXXfgDFyY3yRH9mXXQvTerz8jr876pGGng==",
      "license": "AGPL-3.0-or-later",
      "dependencies": {
        "@kabelsalat/web": "^0.4.1",
        "fraction.js": "^5.2.1"
      },
      "engines": {
        "node": ">=18.0.0"
      }
    },
    "node_modules/fraction.js": {
      "version": "5.3.4",
      "resolved": "https://registry.npmjs.org/fraction.js/-/fraction.js-5.3.4.tgz",
      "integrity": "sha512-1X1NTtiJphryn/uLQz3whtY6jK3fTqoE3ohKs0tT+Ujr1W59oopxmoEh7Lu5p6vBaPbgoM0bzveAW4Qi5RyWDQ==",
      "license": "MIT",
      "engines": {
        "node": "*"
      },
      "funding": {
        "type": "github",
        "url": "https://github.com/sponsors/rawify"
      }
    }
  }
}
